
Microsoft Visual Studio Solution File, Format Version 12.00
# Visual Studio Version 16
VisualStudioVersion = 16.0.29709.97
MinimumVisualStudioVersion = 10.0.40219.1
Project("{FAE04EC0-301F-11D3-BF4B-00C04F79EFBC}") = "ZoeConroy_s000196433", "ZoeConroy_s000196433\ZoeConroy_s000196433.csproj", "{6CB5FC21-DD9F-446C-B267-248264D5EC86}"
EndProject
Project("{FAE04EC0-301F-11D3-BF4B-00C04F79EFBC}") = "UnitTestProject1", "UnitTestProject1\UnitTestProject1.csproj", "{7FF25F32-03C2-4541-AF3E-57BAA2D1330B}"
EndProject
Global
	GlobalSection(SolutionConfigurationPlatforms) = preSolution
		Debug|Any CPU = Debug|Any CPU
		Release|Any CPU = Release|Any CPU
	EndGlobalSection
	GlobalSection(ProjectConfigurationPlatforms) = postSolution
		{6CB5FC21-DD9F-446C-B267-248264D5EC86}.Debug|Any CPU.ActiveCfg = Debug|Any CPU
		{6CB5FC21-DD9F-446C-B267-248264D5EC86}.Debug|Any CPU.Build.0 = Debug|Any CPU
		{6CB5FC21-DD9F-446C-B267-248264D5EC86}.Release|Any CPU.ActiveCfg = Release|Any CPU
		{6CB5FC21-DD9F-446C-B267-248264D5EC86}.Release|Any CPU.Build.0 = Release|Any CPU
		{7FF25F32-03C2-4541-AF3E-57BAA2D1330B}.Debug|Any CPU.ActiveCfg = Debug|Any CPU
		{7FF25F32-03C2-4541-AF3E-57BAA2D1330B}.Debug|Any CPU.Build.0 = Debug|Any CPU
		{7FF25F32-03C2-4541-AF3E-57BAA2D1330B}.Release|Any CPU.ActiveCfg = Release|Any CPU
		{7FF25F32-03C2-4541-AF3E-57BAA2D1330B}.Release|Any CPU.Build.0 = Release|Any CPU
	EndGlobalSection
	GlobalSection(SolutionProperties) = preSolution
		HideSolutionNode = FALSE
	EndGlobalSection
	GlobalSection(ExtensibilityGlobals) = postSolution
		SolutionGuid = {54C13F6D-E5EB-4F0C-B6D1-85C3B4A33357}
	EndGlobalSection
EndGlobal
